PODS:
  - RxCocoa (4.1.2):
    - RxSwift (~> 4.0)
  - RxPushKit (0.1.0):
    - RxCocoa (~> 4.1.2)
    - RxSwift (~> 4.1.2)
  - RxSwift (4.1.2)
  - SwiftLint (0.25.1)

DEPENDENCIES:
  - RxPushKit (from `../`)
  - SwiftLint

SPEC REPOS:
  https://github.com/CocoaPods/Specs.git:
    - RxCocoa
    - RxSwift
    - SwiftLint

EXTERNAL SOURCES:
  RxPushKit:
    :path: "../"

SPEC CHECKSUMS:
  RxCocoa: d88ba0f1f6abf040011a9eb4b539324fc426843a
  RxPushKit: 468836e1fc4f809cad120cf06ae66311865234cf
  RxSwift: e49536837d9901277638493ea537394d4b55f570
  SwiftLint: ce933681be10c3266e82576dad676fa815a602e9

PODFILE CHECKSUM: f1a5869ddc2f8d040577d610b35c7b6868153b2d

COCOAPODS: 1.5.0
